// !$*UTF8*$!
{
	archiveVersion = 1;
	classes = {
	};
	objectVersion = 46;
	objects = {

/* Begin PBXBuildFile section */
		307EEF7B1B41A9B1009F307D /* main.m in Sources */ = {isa = PBXBuildFile; fileRef = 307EEF7A1B41A9B1009F307D /* main.m */; };
		307EEF7E1B41A9B1009F307D /* AppDelegate.m in Sources */ = {isa = PBXBuildFile; fileRef = 307EEF7D1B41A9B1009F307D /* AppDelegate.m */; };
		307EEF811B41A9B1009F307D /* SBLoadingViewController.m in Sources */ = {isa = PBXBuildFile; fileRef = 307EEF801B41A9B1009F307D /* SBLoadingViewController.m */; };
		307EEF841B41A9B1009F307D /* SBViewState.storyboard in Resources */ = {isa = PBXBuildFile; fileRef = 307EEF821B41A9B1009F307D /* SBViewState.storyboard */; };
		307EEF861B41A9B1009F307D /* Images.xcassets in Resources */ = {isa = PBXBuildFile; fileRef = 307EEF851B41A9B1009F307D /* Images.xcassets */; };
		307EEF891B41A9B1009F307D /* LaunchScreen.xib in Resources */ = {isa = PBXBuildFile; fileRef = 307EEF871B41A9B1009F307D /* LaunchScreen.xib */; };
		307EEF951B41A9B1009F307D /* StatefullDemoTests.m in Sources */ = {isa = PBXBuildFile; fileRef = 307EEF941B41A9B1009F307D /* StatefullDemoTests.m */; };
		307EEFA01B41AD70009F307D /* SBViewStateMachine.m in Sources */ = {isa = PBXBuildFile; fileRef = 307EEF9F1B41AD70009F307D /* SBViewStateMachine.m */; };
		307EEFA21B4239D2009F307D /* Storyboard_Client.storyboard in Resources */ = {isa = PBXBuildFile; fileRef = 307EEFA11B4239D2009F307D /* Storyboard_Client.storyboard */; };
		307EEFA51B4239F7009F307D /* ClientViewController.m in Sources */ = {isa = PBXBuildFile; fileRef = 307EEFA41B4239F7009F307D /* ClientViewController.m */; };
		307EEFA81B424EFE009F307D /* SBErrorViewController.m in Sources */ = {isa = PBXBuildFile; fileRef = 307EEFA71B424EFE009F307D /* SBErrorViewController.m */; };
		307EEFB51B4279F8009F307D /* SBDefaultViewStateMachine.m in Sources */ = {isa = PBXBuildFile; fileRef = 307EEFB41B4279F8009F307D /* SBDefaultViewStateMachine.m */; };
/* End PBXBuildFile section */

/* Begin PBXContainerItemProxy section */
		307EEF8F1B41A9B1009F307D /* PBXContainerItemProxy */ = {
			isa = PBXContainerItemProxy;
			containerPortal = 307EEF6D1B41A9B1009F307D /* Project object */;
			proxyType = 1;
			remoteGlobalIDString = 307EEF741B41A9B1009F307D;
			remoteInfo = StatefullDemo;
		};
/* End PBXContainerItemProxy section */

/* Begin PBXFileReference section */
		307EEF751B41A9B1009F307D /* StatefullDemo.app */ = {isa = PBXFileReference; explicitFileType = wrapper.application; includeInIndex = 0; path = StatefullDemo.app; sourceTree = BUILT_PRODUCTS_DIR; };
		307EEF791B41A9B1009F307D /* Info.plist */ = {isa = PBXFileReference; lastKnownFileType = text.plist.xml; path = Info.plist; sourceTree = "<group>"; };
		307EEF7A1B41A9B1009F307D /* main.m */ = {isa = PBXFileReference; lastKnownFileType = sourcecode.c.objc; path = main.m; sourceTree = "<group>"; };
		307EEF7C1B41A9B1009F307D /* AppDelegate.h */ = {isa = PBXFileReference; lastKnownFileType = sourcecode.c.h; path = AppDelegate.h; sourceTree = "<group>"; };
		307EEF7D1B41A9B1009F307D /* AppDelegate.m */ = {isa = PBXFileReference; lastKnownFileType = sourcecode.c.objc; path = AppDelegate.m; sourceTree = "<group>"; };
		307EEF7F1B41A9B1009F307D /* SBLoadingViewController.h */ = {isa = PBXFileReference; lastKnownFileType = sourcecode.c.h; path = SBLoadingViewController.h; sourceTree = "<group>"; };
		307EEF801B41A9B1009F307D /* SBLoadingViewController.m */ = {isa = PBXFileReference; lastKnownFileType = sourcecode.c.objc; path = SBLoadingViewController.m; sourceTree = "<group>"; };
		307EEF831B41A9B1009F307D /* Base */ = {isa = PBXFileReference; lastKnownFileType = file.storyboard; name = Base; path = Base.lproj/SBViewState.storyboard; sourceTree = "<group>"; };
		307EEF851B41A9B1009F307D /* Images.xcassets */ = {isa = PBXFileReference; lastKnownFileType = folder.assetcatalog; path = Images.xcassets; sourceTree = "<group>"; };
		307EEF881B41A9B1009F307D /* Base */ = {isa = PBXFileReference; lastKnownFileType = file.xib; name = Base; path = Base.lproj/LaunchScreen.xib; sourceTree = "<group>"; };
		307EEF8E1B41A9B1009F307D /* StatefullDemoTests.xctest */ = {isa = PBXFileReference; explicitFileType = wrapper.cfbundle; includeInIndex = 0; path = StatefullDemoTests.xctest; sourceTree = BUILT_PRODUCTS_DIR; };
		307EEF931B41A9B1009F307D /* Info.plist */ = {isa = PBXFileReference; lastKnownFileType = text.plist.xml; path = Info.plist; sourceTree = "<group>"; };
		307EEF941B41A9B1009F307D /* StatefullDemoTests.m */ = {isa = PBXFileReference; lastKnownFileType = sourcecode.c.objc; path = StatefullDemoTests.m; sourceTree = "<group>"; };
		307EEF9E1B41AD70009F307D /* SBViewStateMachine.h */ = {isa = PBXFileReference; fileEncoding = 4; lastKnownFileType = sourcecode.c.h; path = SBViewStateMachine.h; sourceTree = "<group>"; };
		307EEF9F1B41AD70009F307D /* SBViewStateMachine.m */ = {isa = PBXFileReference; fileEncoding = 4; lastKnownFileType = sourcecode.c.objc; path = SBViewStateMachine.m; sourceTree = "<group>"; };
		307EEFA11B4239D2009F307D /* Storyboard_Client.storyboard */ = {isa = PBXFileReference; fileEncoding = 4; lastKnownFileType = file.storyboard; path = Storyboard_Client.storyboard; sourceTree = "<group>"; };
		307EEFA31B4239F7009F307D /* ClientViewController.h */ = {isa = PBXFileReference; fileEncoding = 4; lastKnownFileType = sourcecode.c.h; path = ClientViewController.h; sourceTree = "<group>"; };
		307EEFA41B4239F7009F307D /* ClientViewController.m */ = {isa = PBXFileReference; fileEncoding = 4; lastKnownFileType = sourcecode.c.objc; path = ClientViewController.m; sourceTree = "<group>"; };
		307EEFA61B424EFE009F307D /* SBErrorViewController.h */ = {isa = PBXFileReference; fileEncoding = 4; lastKnownFileType = sourcecode.c.h; path = SBErrorViewController.h; sourceTree = "<group>"; };
		307EEFA71B424EFE009F307D /* SBErrorViewController.m */ = {isa = PBXFileReference; fileEncoding = 4; lastKnownFileType = sourcecode.c.objc; path = SBErrorViewController.m; sourceTree = "<group>"; };
		307EEFB31B4279F8009F307D /* SBDefaultViewStateMachine.h */ = {isa = PBXFileReference; fileEncoding = 4; lastKnownFileType = sourcecode.c.h; path = SBDefaultViewStateMachine.h; sourceTree = "<group>"; };
		307EEFB41B4279F8009F307D /* SBDefaultViewStateMachine.m */ = {isa = PBXFileReference; fileEncoding = 4; lastKnownFileType = sourcecode.c.objc; path = SBDefaultViewStateMachine.m; sourceTree = "<group>"; };
/* End PBXFileReference section */

/* Begin PBXFrameworksBuildPhase section */
		307EEF721B41A9B1009F307D /* Frameworks */ = {
			isa = PBXFrameworksBuildPhase;
			buildActionMask = 2147483647;
			files = (
			);
			runOnlyForDeploymentPostprocessing = 0;
		};
		307EEF8B1B41A9B1009F307D /* Frameworks */ = {
			isa = PBXFrameworksBuildPhase;
			buildActionMask = 2147483647;
			files = (
			);
			runOnlyForDeploymentPostprocessing = 0;
		};
/* End PBXFrameworksBuildPhase section */

/* Begin PBXGroup section */
		307EEF6C1B41A9B1009F307D = {
			isa = PBXGroup;
			children = (
				307EEF771B41A9B1009F307D /* StatefullDemo */,
				307EEF911B41A9B1009F307D /* StatefullDemoTests */,
				307EEF761B41A9B1009F307D /* Products */,
			);
			sourceTree = "<group>";
		};
		307EEF761B41A9B1009F307D /* Products */ = {
			isa = PBXGroup;
			children = (
				307EEF751B41A9B1009F307D /* StatefullDemo.app */,
				307EEF8E1B41A9B1009F307D /* StatefullDemoTests.xctest */,
			);
			name = Products;
			sourceTree = "<group>";
		};
		307EEF771B41A9B1009F307D /* StatefullDemo */ = {
			isa = PBXGroup;
			children = (
				307EEFA91B42657D009F307D /* Pod */,
				307EEF781B41A9B1009F307D /* Supporting Files */,
				307EEFAA1B426641009F307D /* Demo */,
			);
			path = StatefullDemo;
			sourceTree = "<group>";
		};
		307EEF781B41A9B1009F307D /* Supporting Files */ = {
			isa = PBXGroup;
			children = (
				307EEF851B41A9B1009F307D /* Images.xcassets */,
				307EEF871B41A9B1009F307D /* LaunchScreen.xib */,
				307EEF7C1B41A9B1009F307D /* AppDelegate.h */,
				307EEF7D1B41A9B1009F307D /* AppDelegate.m */,
				307EEF791B41A9B1009F307D /* Info.plist */,
				307EEF7A1B41A9B1009F307D /* main.m */,
			);
			name = "Supporting Files";
			sourceTree = "<group>";
		};
		307EEF911B41A9B1009F307D /* StatefullDemoTests */ = {
			isa = PBXGroup;
			children = (
				307EEF941B41A9B1009F307D /* StatefullDemoTests.m */,
				307EEF921B41A9B1009F307D /* Supporting Files */,
			);
			path = StatefullDemoTests;
			sourceTree = "<group>";
		};
		307EEF921B41A9B1009F307D /* Supporting Files */ = {
			isa = PBXGroup;
			children = (
				307EEF931B41A9B1009F307D /* Info.plist */,
			);
			name = "Supporting Files";
			sourceTree = "<group>";
		};
		307EEFA91B42657D009F307D /* Pod */ = {
			isa = PBXGroup;
			children = (
				307EEF9E1B41AD70009F307D /* SBViewStateMachine.h */,
				307EEF9F1B41AD70009F307D /* SBViewStateMachine.m */,
				307EEFB61B427A8F009F307D /* Default View State Machine */,
			);
			name = Pod;
			sourceTree = "<group>";
		};
		307EEFAA1B426641009F307D /* Demo */ = {
			isa = PBXGroup;
			children = (
				307EEFA11B4239D2009F307D /* Storyboard_Client.storyboard */,
				307EEFA31B4239F7009F307D /* ClientViewController.h */,
				307EEFA41B4239F7009F307D /* ClientViewController.m */,
			);
			name = Demo;
			sourceTree = "<group>";
		};
		307EEFB61B427A8F009F307D /* Default View State Machine */ = {
			isa = PBXGroup;
			children = (
				307EEF7F1B41A9B1009F307D /* SBLoadingViewController.h */,
				307EEF801B41A9B1009F307D /* SBLoadingViewController.m */,
				307EEFA61B424EFE009F307D /* SBErrorViewController.h */,
				307EEFA71B424EFE009F307D /* SBErrorViewController.m */,
				307EEFB31B4279F8009F307D /* SBDefaultViewStateMachine.h */,
				307EEFB41B4279F8009F307D /* SBDefaultViewStateMachine.m */,
				307EEF821B41A9B1009F307D /* SBViewState.storyboard */,
			);
			name = "Default View State Machine";
			sourceTree = "<group>";
		};
/* End PBXGroup section */

/* Begin PBXNativeTarget section */
		307EEF741B41A9B1009F307D /* StatefullDemo */ = {
			isa = PBXNativeTarget;
			buildConfigurationList = 307EEF981B41A9B1009F307D /* Build configuration list for PBXNativeTarget "StatefullDemo" */;
			buildPhases = (
				307EEF711B41A9B1009F307D /* Sources */,
				307EEF721B41A9B1009F307D /* Frameworks */,
				307EEF731B41A9B1009F307D /* Resources */,
			);
			buildRules = (
			);
			dependencies = (
			);
			name = StatefullDemo;
			productName = StatefullDemo;
			productReference = 307EEF751B41A9B1009F307D /* StatefullDemo.app */;
			productType = "com.apple.product-type.application";
		};
		307EEF8D1B41A9B1009F307D /* StatefullDemoTests */ = {
			isa = PBXNativeTarget;
			buildConfigurationList = 307EEF9B1B41A9B1009F307D /* Build configuration list for PBXNativeTarget "StatefullDemoTests" */;
			buildPhases = (
				307EEF8A1B41A9B1009F307D /* Sources */,
				307EEF8B1B41A9B1009F307D /* Frameworks */,
				307EEF8C1B41A9B1009F307D /* Resources */,
			);
			buildRules = (
			);
			dependencies = (
				307EEF901B41A9B1009F307D /* PBXTargetDependency */,
			);
			name = StatefullDemoTests;
			productName = StatefullDemoTests;
			productReference = 307EEF8E1B41A9B1009F307D /* StatefullDemoTests.xctest */;
			productType = "com.apple.product-type.bundle.unit-test";
		};
/* End PBXNativeTarget section */

/* Begin PBXProject section */
		307EEF6D1B41A9B1009F307D /* Project object */ = {
			isa = PBXProject;
			attributes = {
				LastUpgradeCheck = 0630;
				ORGANIZATIONNAME = "Bui Hai";
				TargetAttributes = {
					307EEF741B41A9B1009F307D = {
						CreatedOnToolsVersion = 6.3.1;
					};
					307EEF8D1B41A9B1009F307D = {
						CreatedOnToolsVersion = 6.3.1;
						TestTargetID = 307EEF741B41A9B1009F307D;
					};
				};
			};
			buildConfigurationList = 307EEF701B41A9B1009F307D /* Build configuration list for PBXProject "StatefullDemo" */;
			compatibilityVersion = "Xcode 3.2";
			developmentRegion = English;
			hasScannedForEncodings = 0;
			knownRegions = (
				en,
				Base,
			);
			mainGroup = 307EEF6C1B41A9B1009F307D;
			productRefGroup = 307EEF761B41A9B1009F307D /* Products */;
			projectDirPath = "";
			projectRoot = "";
			targets = (
				307EEF741B41A9B1009F307D /* StatefullDemo */,
				307EEF8D1B41A9B1009F307D /* StatefullDemoTests */,
			);
		};
/* End PBXProject section */

/* Begin PBXResourcesBuildPhase section */
		307EEF731B41A9B1009F307D /* Resources */ = {
			isa = PBXResourcesBuildPhase;
			buildActionMask = 2147483647;
			files = (
				307EEF841B41A9B1009F307D /* SBViewState.storyboard in Resources */,
				307EEF891B41A9B1009F307D /* LaunchScreen.xib in Resources */,
				307EEFA21B4239D2009F307D /* Storyboard_Client.storyboard in Resources */,
				307EEF861B41A9B1009F307D /* Images.xcassets in Resources */,
			);
			runOnlyForDeploymentPostprocessing = 0;
		};
		307EEF8C1B41A9B1009F307D /* Resources */ = {
			isa = PBXResourcesBuildPhase;
			buildActionMask = 2147483647;
			files = (
			);
			runOnlyForDeploymentPostprocessing = 0;
		};
/* End PBXResourcesBuildPhase section */

/* Begin PBXSourcesBuildPhase section */
		307EEF711B41A9B1009F307D /* Sources */ = {
			isa = PBXSourcesBuildPhase;
			buildActionMask = 2147483647;
			files = (
				307EEFB51B4279F8009F307D /* SBDefaultViewStateMachine.m in Sources */,
				307EEF811B41A9B1009F307D /* SBLoadingViewController.m in Sources */,
				307EEFA01B41AD70009F307D /* SBViewStateMachine.m in Sources */,
				307EEF7E1B41A9B1009F307D /* AppDelegate.m in Sources */,
				307EEF7B1B41A9B1009F307D /* main.m in Sources */,
				307EEFA81B424EFE009F307D /* SBErrorViewController.m in Sources */,
				307EEFA51B4239F7009F307D /* ClientViewController.m in Sources */,
			);
			runOnlyForDeploymentPostprocessing = 0;
		};
		307EEF8A1B41A9B1009F307D /* Sources */ = {
			isa = PBXSourcesBuildPhase;
			buildActionMask = 2147483647;
			files = (
				307EEF951B41A9B1009F307D /* StatefullDemoTests.m in Sources */,
			);
			runOnlyForDeploymentPostprocessing = 0;
		};
/* End PBXSourcesBuildPhase section */

/* Begin PBXTargetDependency section */
		307EEF901B41A9B1009F307D /* PBXTargetDependency */ = {
			isa = PBXTargetDependency;
			target = 307EEF741B41A9B1009F307D /* StatefullDemo */;
			targetProxy = 307EEF8F1B41A9B1009F307D /* PBXContainerItemProxy */;
		};
/* End PBXTargetDependency section */

/* Begin PBXVariantGroup section */
		307EEF821B41A9B1009F307D /* SBViewState.storyboard */ = {
			isa = PBXVariantGroup;
			children = (
				307EEF831B41A9B1009F307D /* Base */,
			);
			name = SBViewState.storyboard;
			sourceTree = "<group>";
		};
		307EEF871B41A9B1009F307D /* LaunchScreen.xib */ = {
			isa = PBXVariantGroup;
			children = (
				307EEF881B41A9B1009F307D /* Base */,
			);
			name = LaunchScreen.xib;
			sourceTree = "<group>";
		};
/* End PBXVariantGroup section */

/* Begin XCBuildConfiguration section */
		307EEF961B41A9B1009F307D /* Debug */ = {
			isa = XCBuildConfiguration;
			buildSettings = {
				ALWAYS_SEARCH_USER_PATHS = NO;
				CLANG_CXX_LANGUAGE_STANDARD = "gnu++0x";
				CLANG_CXX_LIBRARY = "libc++";
				CLANG_ENABLE_MODULES = YES;
				CLANG_ENABLE_OBJC_ARC = YES;
				CLANG_WARN_BOOL_CONVERSION = YES;
				CLANG_WARN_CONSTANT_CONVERSION = YES;
				CLANG_WARN_DIRECT_OBJC_ISA_USAGE = YES_ERROR;
				CLANG_WARN_EMPTY_BODY = YES;
				CLANG_WARN_ENUM_CONVERSION = YES;
				CLANG_WARN_INT_CONVERSION = YES;
				CLANG_WARN_OBJC_ROOT_CLASS = YES_ERROR;
				CLANG_WARN_UNREACHABLE_CODE = YES;
				CLANG_WARN__DUPLICATE_METHOD_MATCH = YES;
				"CODE_SIGN_IDENTITY[sdk=iphoneos*]" = "iPhone Developer";
				COPY_PHASE_STRIP = NO;
				DEBUG_INFORMATION_FORMAT = "dwarf-with-dsym";
				ENABLE_STRICT_OBJC_MSGSEND = YES;
				GCC_C_LANGUAGE_STANDARD = gnu99;
				GCC_DYNAMIC_NO_PIC = NO;
				GCC_NO_COMMON_BLOCKS = YES;
				GCC_OPTIMIZATION_LEVEL = 0;
				GCC_PREPROCESSOR_DEFINITIONS = (
					"DEBUG=1",
					"$(inherited)",
				);
				GCC_SYMBOLS_PRIVATE_EXTERN = NO;
				GCC_WARN_64_TO_32_BIT_CONVERSION = YES;
				GCC_WARN_ABOUT_RETURN_TYPE = YES_ERROR;
				GCC_WARN_UNDECLARED_SELECTOR = YES;
				GCC_WARN_UNINITIALIZED_AUTOS = YES_AGGRESSIVE;
				GCC_WARN_UNUSED_FUNCTION = YES;
				GCC_WARN_UNUSED_VARIABLE = YES;
				IPHONEOS_DEPLOYMENT_TARGET = 8.3;
				MTL_ENABLE_DEBUG_INFO = YES;
				ONLY_ACTIVE_ARCH = YES;
				SDKROOT = iphoneos;
				TARGETED_DEVICE_FAMILY = "1,2";
			};
			name = Debug;
		};
		307EEF971B41A9B1009F307D /* Release */ = {
			isa = XCBuildConfiguration;
			buildSettings = {
				ALWAYS_SEARCH_USER_PATHS = NO;
				CLANG_CXX_LANGUAGE_STANDARD = "gnu++0x";
				CLANG_CXX_LIBRARY = "libc++";
				CLANG_ENABLE_MODULES = YES;
				CLANG_ENABLE_OBJC_ARC = YES;
				CLANG_WARN_BOOL_CONVERSION = YES;
				CLANG_WARN_CONSTANT_CONVERSION = YES;
				CLANG_WARN_DIRECT_OBJC_ISA_USAGE = YES_ERROR;
				CLANG_WARN_EMPTY_BODY = YES;
				CLANG_WARN_ENUM_CONVERSION = YES;
				CLANG_WARN_INT_CONVERSION = YES;
				CLANG_WARN_OBJC_ROOT_CLASS = YES_ERROR;
				CLANG_WARN_UNREACHABLE_CODE = YES;
				CLANG_WARN__DUPLICATE_METHOD_MATCH = YES;
				"CODE_SIGN_IDENTITY[sdk=iphoneos*]" = "iPhone Developer";
				COPY_PHASE_STRIP = NO;
				DEBUG_INFORMATION_FORMAT = "dwarf-with-dsym";
				ENABLE_NS_ASSERTIONS = NO;
				ENABLE_STRICT_OBJC_MSGSEND = YES;
				GCC_C_LANGUAGE_STANDARD = gnu99;
				GCC_NO_COMMON_BLOCKS = YES;
				GCC_WARN_64_TO_32_BIT_CONVERSION = YES;
				GCC_WARN_ABOUT_RETURN_TYPE = YES_ERROR;
				GCC_WARN_UNDECLARED_SELECTOR = YES;
				GCC_WARN_UNINITIALIZED_AUTOS = YES_AGGRESSIVE;
				GCC_WARN_UNUSED_FUNCTION = YES;
				GCC_WARN_UNUSED_VARIABLE = YES;
				IPHONEOS_DEPLOYMENT_TARGET = 8.3;
				MTL_ENABLE_DEBUG_INFO = NO;
				SDKROOT = iphoneos;
				TARGETED_DEVICE_FAMILY = "1,2";
				VALIDATE_PRODUCT = YES;
			};
			name = Release;
		};
		307EEF991B41A9B1009F307D /* Debug */ = {
			isa = XCBuildConfiguration;
			buildSettings = {
				ASSETCATALOG_COMPILER_APPICON_NAME = AppIcon;
				INFOPLIST_FILE = StatefullDemo/Info.plist;
				LD_RUNPATH_SEARCH_PATHS = "$(inherited) @executable_path/Frameworks";
				PRODUCT_NAME = "$(TARGET_NAME)";
			};
			name = Debug;
		};
		307EEF9A1B41A9B1009F307D /* Release */ = {
			isa = XCBuildConfiguration;
			buildSettings = {
				ASSETCATALOG_COMPILER_APPICON_NAME = AppIcon;
				INFOPLIST_FILE = StatefullDemo/Info.plist;
				LD_RUNPATH_SEARCH_PATHS = "$(inherited) @executable_path/Frameworks";
				PRODUCT_NAME = "$(TARGET_NAME)";
			};
			name = Release;
		};
		307EEF9C1B41A9B1009F307D /* Debug */ = {
			isa = XCBuildConfiguration;
			buildSettings = {
				BUNDLE_LOADER = "$(TEST_HOST)";
				FRAMEWORK_SEARCH_PATHS = (
					"$(SDKROOT)/Developer/Library/Frameworks",
					"$(inherited)",
				);
				GCC_PREPROCESSOR_DEFINITIONS = (
					"DEBUG=1",
					"$(inherited)",
				);
				INFOPLIST_FILE = StatefullDemoTests/Info.plist;
				LD_RUNPATH_SEARCH_PATHS = "$(inherited) @executable_path/Frameworks @loader_path/Frameworks";
				PRODUCT_NAME = "$(TARGET_NAME)";
				TEST_HOST = "$(BUILT_PRODUCTS_DIR)/StatefullDemo.app/StatefullDemo";
			};
			name = Debug;
		};
		307EEF9D1B41A9B1009F307D /* Release */ = {
			isa = XCBuildConfiguration;
			buildSettings = {
				BUNDLE_LOADER = "$(TEST_HOST)";
				FRAMEWORK_SEARCH_PATHS = (
					"$(SDKROOT)/Developer/Library/Frameworks",
					"$(inherited)",
				);
				INFOPLIST_FILE = StatefullDemoTests/Info.plist;
				LD_RUNPATH_SEARCH_PATHS = "$(inherited) @executable_path/Frameworks @loader_path/Frameworks";
				PRODUCT_NAME = "$(TARGET_NAME)";
				TEST_HOST = "$(BUILT_PRODUCTS_DIR)/StatefullDemo.app/StatefullDemo";
			};
			name = Release;
		};
/* End XCBuildConfiguration section */

/* Begin XCConfigurationList section */
		307EEF701B41A9B1009F307D /* Build configuration list for PBXProject "StatefullDemo" */ = {
			isa = XCConfigurationList;
			buildConfigurations = (
				307EEF961B41A9B1009F307D /* Debug */,
				307EEF971B41A9B1009F307D /* Release */,
			);
			defaultConfigurationIsVisible = 0;
			defaultConfigurationName = Release;
		};
		307EEF981B41A9B1009F307D /* Build configuration list for PBXNativeTarget "StatefullDemo" */ = {
			isa = XCConfigurationList;
			buildConfigurations = (
				307EEF991B41A9B1009F307D /* Debug */,
				307EEF9A1B41A9B1009F307D /* Release */,
			);
			defaultConfigurationIsVisible = 0;
			defaultConfigurationName = Release;
		};
		307EEF9B1B41A9B1009F307D /* Build configuration list for PBXNativeTarget "StatefullDemoTests" */ = {
			isa = XCConfigurationList;
			buildConfigurations = (
				307EEF9C1B41A9B1009F307D /* Debug */,
				307EEF9D1B41A9B1009F307D /* Release */,
			);
			defaultConfigurationIsVisible = 0;
			defaultConfigurationName = Release;
		};
/* End XCConfigurationList section */
	};
	rootObject = 307EEF6D1B41A9B1009F307D /* Project object */;
}
